// !$*UTF8*$!
{
	archiveVersion = 1;
	classes = {
	};
	objectVersion = 50;
	objects = {

/* Begin PBXBuildFile section */
		F4633FE52482B7F600FF9AC1 /* AppDelegate.swift in Sources */ = {isa = PBXBuildFile; fileRef = F4633FE42482B7F600FF9AC1 /* AppDelegate.swift */; };
		F4633FE72482B7F600FF9AC1 /* SceneDelegate.swift in Sources */ = {isa = PBXBuildFile; fileRef = F4633FE62482B7F600FF9AC1 /* SceneDelegate.swift */; };
		F4633FE92482B7F600FF9AC1 /* ViewController.swift in Sources */ = {isa = PBXBuildFile; fileRef = F4633FE82482B7F600FF9AC1 /* ViewController.swift */; };
		F4633FEC2482B7F600FF9AC1 /* Main.storyboard in Resources */ = {isa = PBXBuildFile; fileRef = F4633FEA2482B7F600FF9AC1 /* Main.storyboard */; };
		F4633FEE2482B7F800FF9AC1 /* Assets.xcassets in Resources */ = {isa = PBXBuildFile; fileRef = F4633FED2482B7F800FF9AC1 /* Assets.xcassets */; };
		F4633FF12482B7F800FF9AC1 /* LaunchScreen.storyboard in Resources */ = {isa = PBXBuildFile; fileRef = F4633FEF2482B7F800FF9AC1 /* LaunchScreen.storyboard */; };
/* End PBXBuildFile section */

/* Begin PBXFileReference section */
		F4633FE12482B7F600FF9AC1 /* test0531.app */ = {isa = PBXFileReference; explicitFileType = wrapper.application; includeInIndex = 0; path = test0531.app; sourceTree = BUILT_PRODUCTS_DIR; };
		F4633FE42482B7F600FF9AC1 /* AppDelegate.swift */ = {isa = PBXFileReference; lastKnownFileType = sourcecode.swift; path = AppDelegate.swift; sourceTree = "<group>"; };
		F4633FE62482B7F600FF9AC1 /* SceneDelegate.swift */ = {isa = PBXFileReference; lastKnownFileType = sourcecode.swift; path = SceneDelegate.swift; sourceTree = "<group>"; };
		F4633FE82482B7F600FF9AC1 /* ViewController.swift */ = {isa = PBXFileReference; lastKnownFileType = sourcecode.swift; path = ViewController.swift; sourceTree = "<group>"; };
		F4633FEB2482B7F600FF9AC1 /* Base */ = {isa = PBXFileReference; lastKnownFileType = file.storyboard; name = Base; path = Base.lproj/Main.storyboard; sourceTree = "<group>"; };
		F4633FED2482B7F800FF9AC1 /* Assets.xcassets */ = {isa = PBXFileReference; lastKnownFileType = folder.assetcatalog; path = Assets.xcassets; sourceTree = "<group>"; };
		F4633FF02482B7F800FF9AC1 /* Base */ = {isa = PBXFileReference; lastKnownFileType = file.storyboard; name = Base; path = Base.lproj/LaunchScreen.storyboard; sourceTree = "<group>"; };
		F4633FF22482B7F800FF9AC1 /* Info.plist */ = {isa = PBXFileReference; lastKnownFileType = text.plist.xml; path = Info.plist; sourceTree = "<group>"; };
/* End PBXFileReference section */

/* Begin PBXFrameworksBuildPhase section */
		F4633FDE2482B7F600FF9AC1 /* Frameworks */ = {
			isa = PBXFrameworksBuildPhase;
			buildActionMask = 2147483647;
			files = (
			);
			runOnlyForDeploymentPostprocessing = 0;
		};
/* End PBXFrameworksBuildPhase section */

/* Begin PBXGroup section */
		F4633FD82482B7F600FF9AC1 = {
			isa = PBXGroup;
			children = (
				F4633FE32482B7F600FF9AC1 /* test0531 */,
				F4633FE22482B7F600FF9AC1 /* Products */,
			);
			sourceTree = "<group>";
		};
		F4633FE22482B7F600FF9AC1 /* Products */ = {
			isa = PBXGroup;
			children = (
				F4633FE12482B7F600FF9AC1 /* test0531.app */,
			);
			name = Products;
			sourceTree = "<group>";
		};
		F4633FE32482B7F600FF9AC1 /* test0531 */ = {
			isa = PBXGroup;
			children = (
				F4633FE42482B7F600FF9AC1 /* AppDelegate.swift */,
				F4633FE62482B7F600FF9AC1 /* SceneDelegate.swift */,
				F4633FE82482B7F600FF9AC1 /* ViewController.swift */,
				F4633FEA2482B7F600FF9AC1 /* Main.storyboard */,
				F4633FED2482B7F800FF9AC1 /* Assets.xcassets */,
				F4633FEF2482B7F800FF9AC1 /* LaunchScreen.storyboard */,
				F4633FF22482B7F800FF9AC1 /* Info.plist */,
			);
			path = test0531;
			sourceTree = "<group>";
		};
/* End PBXGroup section */

/* Begin PBXNativeTarget section */
		F4633FE02482B7F600FF9AC1 /* test0531 */ = {
			isa = PBXNativeTarget;
			buildConfigurationList = F4633FF52482B7F800FF9AC1 /* Build configuration list for PBXNativeTarget "test0531" */;
			buildPhases = (
				F4633FDD2482B7F600FF9AC1 /* Sources */,
				F4633FDE2482B7F600FF9AC1 /* Frameworks */,
				F4633FDF2482B7F600FF9AC1 /* Resources */,
			);
			buildRules = (
			);
			dependencies = (
			);
			name = test0531;
			productName = test0531;
			productReference = F4633FE12482B7F600FF9AC1 /* test0531.app */;
			productType = "com.apple.product-type.application";
		};
/* End PBXNativeTarget section */

/* Begin PBXProject section */
		F4633FD92482B7F600FF9AC1 /* Project object */ = {
			isa = PBXProject;
			attributes = {
				LastSwiftUpdateCheck = 1150;
				LastUpgradeCheck = 1150;
				ORGANIZATIONNAME = indoni;
				TargetAttributes = {
					F4633FE02482B7F600FF9AC1 = {
						CreatedOnToolsVersion = 11.5;
					};
				};
			};
			buildConfigurationList = F4633FDC2482B7F600FF9AC1 /* Build configuration list for PBXProject "test0531" */;
			compatibilityVersion = "Xcode 9.3";
			developmentRegion = en;
			hasScannedForEncodings = 0;
			knownRegions = (
				en,
				Base,
			);
			mainGroup = F4633FD82482B7F600FF9AC1;
			productRefGroup = F4633FE22482B7F600FF9AC1 /* Products */;
			projectDirPath = "";
			projectRoot = "";
			targets = (
				F4633FE02482B7F600FF9AC1 /* test0531 */,
			);
		};
/* End PBXProject section */

/* Begin PBXResourcesBuildPhase section */
		F4633FDF2482B7F600FF9AC1 /* Resources */ = {
			isa = PBXResourcesBuildPhase;
			buildActionMask = 2147483647;
			files = (
				F4633FF12482B7F800FF9AC1 /* LaunchScreen.storyboard in Resources */,
				F4633FEE2482B7F800FF9AC1 /* Assets.xcassets in Resources */,
				F4633FEC2482B7F600FF9AC1 /* Main.storyboard in Resources */,
			);
			runOnlyForDeploymentPostprocessing = 0;
		};
/* End PBXResourcesBuildPhase section */

/* Begin PBXSourcesBuildPhase section */
		F4633FDD2482B7F600FF9AC1 /* Sources */ = {
			isa = PBXSourcesBuildPhase;
			buildActionMask = 2147483647;
			files = (
				F4633FE92482B7F600FF9AC1 /* ViewController.swift in Sources */,
				F4633FE52482B7F600FF9AC1 /* AppDelegate.swift in Sources */,
				F4633FE72482B7F600FF9AC1 /* SceneDelegate.swift in Sources */,
			);
			runOnlyForDeploymentPostprocessing = 0;
		};
/* End PBXSourcesBuildPhase section */

/* Begin PBXVariantGroup section */
		F4633FEA2482B7F600FF9AC1 /* Main.storyboard */ = {
			isa = PBXVariantGroup;
			children = (
				F4633FEB2482B7F600FF9AC1 /* Base */,
			);
			name = Main.storyboard;
			sourceTree = "<group>";
		};
		F4633FEF2482B7F800FF9AC1 /* LaunchScreen.storyboard */ = {
			isa = PBXVariantGroup;
			children = (
				F4633FF02482B7F800FF9AC1 /* Base */,
			);
			name = LaunchScreen.storyboard;
			sourceTree = "<group>";
		};
/* End PBXVariantGroup section */

/* Begin XCBuildConfiguration section */
		F4633FF32482B7F800FF9AC1 /* Debug */ = {
			isa = XCBuildConfiguration;
			buildSettings = {
				ALWAYS_SEARCH_USER_PATHS = NO;
				CLANG_ANALYZER_NONNULL = YES;
				CLANG_ANALYZER_NUMBER_OBJECT_CONVERSION = YES_AGGRESSIVE;
				CLANG_CXX_LANGUAGE_STANDARD = "gnu++14";
				CLANG_CXX_LIBRARY = "libc++";
				CLANG_ENABLE_MODULES = YES;
				CLANG_ENABLE_OBJC_ARC = YES;
				CLANG_ENABLE_OBJC_WEAK = YES;
				CLANG_WARN_BLOCK_CAPTURE_AUTORELEASING = YES;
				CLANG_WARN_BOOL_CONVERSION = YES;
				CLANG_WARN_COMMA = YES;
				CLANG_WARN_CONSTANT_CONVERSION = YES;
				CLANG_WARN_DEPRECATED_OBJC_IMPLEMENTATIONS = YES;
				CLANG_WARN_DIRECT_OBJC_ISA_USAGE = YES_ERROR;
				CLANG_WARN_DOCUMENTATION_COMMENTS = YES;
				CLANG_WARN_EMPTY_BODY = YES;
				CLANG_WARN_ENUM_CONVERSION = YES;
				CLANG_WARN_INFINITE_RECURSION = YES;
				CLANG_WARN_INT_CONVERSION = YES;
				CLANG_WARN_NON_LITERAL_NULL_CONVERSION = YES;
				CLANG_WARN_OBJC_IMPLICIT_RETAIN_SELF = YES;
				CLANG_WARN_OBJC_LITERAL_CONVERSION = YES;
				CLANG_WARN_OBJC_ROOT_CLASS = YES_ERROR;
				CLANG_WARN_RANGE_LOOP_ANALYSIS = YES;
				CLANG_WARN_STRICT_PROTOTYPES = YES;
				CLANG_WARN_SUSPICIOUS_MOVE = YES;
				CLANG_WARN_UNGUARDED_AVAILABILITY = YES_AGGRESSIVE;
				CLANG_WARN_UNREACHABLE_CODE = YES;
				CLANG_WARN__DUPLICATE_METHOD_MATCH = YES;
				COPY_PHASE_STRIP = NO;
				DEBUG_INFORMATION_FORMAT = dwarf;
				ENABLE_STRICT_OBJC_MSGSEND = YES;
				ENABLE_TESTABILITY = YES;
				GCC_C_LANGUAGE_STANDARD = gnu11;
				GCC_DYNAMIC_NO_PIC = NO;
				GCC_NO_COMMON_BLOCKS = YES;
				GCC_OPTIMIZATION_LEVEL = 0;
				GCC_PREPROCESSOR_DEFINITIONS = (
					"DEBUG=1",
					"$(inherited)",
				);
				GCC_WARN_64_TO_32_BIT_CONVERSION = YES;
				GCC_WARN_ABOUT_RETURN_TYPE = YES_ERROR;
				GCC_WARN_UNDECLARED_SELECTOR = YES;
				GCC_WARN_UNINITIALIZED_AUTOS = YES_AGGRESSIVE;
				GCC_WARN_UNUSED_FUNCTION = YES;
				GCC_WARN_UNUSED_VARIABLE = YES;
				IPHONEOS_DEPLOYMENT_TARGET = 13.5;
				MTL_ENABLE_DEBUG_INFO = INCLUDE_SOURCE;
				MTL_FAST_MATH = YES;
				ONLY_ACTIVE_ARCH = YES;
				SDKROOT = iphoneos;
				SWIFT_ACTIVE_COMPILATION_CONDITIONS = DEBUG;
				SWIFT_OPTIMIZATION_LEVEL = "-Onone";
			};
			name = Debug;
		};
		F4633FF42482B7F800FF9AC1 /* Release */ = {
			isa = XCBuildConfiguration;
			buildSettings = {
				ALWAYS_SEARCH_USER_PATHS = NO;
				CLANG_ANALYZER_NONNULL = YES;
				CLANG_ANALYZER_NUMBER_OBJECT_CONVERSION = YES_AGGRESSIVE;
				CLANG_CXX_LANGUAGE_STANDARD = "gnu++14";
				CLANG_CXX_LIBRARY = "libc++";
				CLANG_ENABLE_MODULES = YES;
				CLANG_ENABLE_OBJC_ARC = YES;
				CLANG_ENABLE_OBJC_WEAK = YES;
				CLANG_WARN_BLOCK_CAPTURE_AUTORELEASING = YES;
				CLANG_WARN_BOOL_CONVERSION = YES;
				CLANG_WARN_COMMA = YES;
				CLANG_WARN_CONSTANT_CONVERSION = YES;
				CLANG_WARN_DEPRECATED_OBJC_IMPLEMENTATIONS = YES;
				CLANG_WARN_DIRECT_OBJC_ISA_USAGE = YES_ERROR;
				CLANG_WARN_DOCUMENTATION_COMMENTS = YES;
				CLANG_WARN_EMPTY_BODY = YES;
				CLANG_WARN_ENUM_CONVERSION = YES;
				CLANG_WARN_INFINITE_RECURSION = YES;
				CLANG_WARN_INT_CONVERSION = YES;
				CLANG_WARN_NON_LITERAL_NULL_CONVERSION = YES;
				CLANG_WARN_OBJC_IMPLICIT_RETAIN_SELF = YES;
				CLANG_WARN_OBJC_LITERAL_CONVERSION = YES;
				CLANG_WARN_OBJC_ROOT_CLASS = YES_ERROR;
				CLANG_WARN_RANGE_LOOP_ANALYSIS = YES;
				CLANG_WARN_STRICT_PROTOTYPES = YES;
				CLANG_WARN_SUSPICIOUS_MOVE = YES;
				CLANG_WARN_UNGUARDED_AVAILABILITY = YES_AGGRESSIVE;
				CLANG_WARN_UNREACHABLE_CODE = YES;
				CLANG_WARN__DUPLICATE_METHOD_MATCH = YES;
				COPY_PHASE_STRIP = NO;
				DEBUG_INFORMATION_FORMAT = "dwarf-with-dsym";
				ENABLE_NS_ASSERTIONS = NO;
				ENABLE_STRICT_OBJC_MSGSEND = YES;
				GCC_C_LANGUAGE_STANDARD = gnu11;
				GCC_NO_COMMON_BLOCKS = YES;
				GCC_WARN_64_TO_32_BIT_CONVERSION = YES;
				GCC_WARN_ABOUT_RETURN_TYPE = YES_ERROR;
				GCC_WARN_UNDECLARED_SELECTOR = YES;
				GCC_WARN_UNINITIALIZED_AUTOS = YES_AGGRESSIVE;
				GCC_WARN_UNUSED_FUNCTION = YES;
				GCC_WARN_UNUSED_VARIABLE = YES;
				IPHONEOS_DEPLOYMENT_TARGET = 13.5;
				MTL_ENABLE_DEBUG_INFO = NO;
				MTL_FAST_MATH = YES;
				SDKROOT = iphoneos;
				SWIFT_COMPILATION_MODE = wholemodule;
				SWIFT_OPTIMIZATION_LEVEL = "-O";
				VALIDATE_PRODUCT = YES;
			};
			name = Release;
		};
		F4633FF62482B7F800FF9AC1 /* Debug */ = {
			isa = XCBuildConfiguration;
			buildSettings = {
				ASSETCATALOG_COMPILER_APPICON_NAME = AppIcon;
				CODE_SIGN_STYLE = Automatic;
				INFOPLIST_FILE = test0531/Info.plist;
				LD_RUNPATH_SEARCH_PATHS = (
					"$(inherited)",
					"@executable_path/Frameworks",
				);
				PRODUCT_BUNDLE_IDENTIFIER = com.tistory.indoni.test0531;
				PRODUCT_NAME = "$(TARGET_NAME)";
				SWIFT_VERSION = 5.0;
				TARGETED_DEVICE_FAMILY = "1,2";
			};
			name = Debug;
		};
		F4633FF72482B7F800FF9AC1 /* Release */ = {
			isa = XCBuildConfiguration;
			buildSettings = {
				ASSETCATALOG_COMPILER_APPICON_NAME = AppIcon;
				CODE_SIGN_STYLE = Automatic;
				INFOPLIST_FILE = test0531/Info.plist;
				LD_RUNPATH_SEARCH_PATHS = (
					"$(inherited)",
					"@executable_path/Frameworks",
				);
				PRODUCT_BUNDLE_IDENTIFIER = com.tistory.indoni.test0531;
				PRODUCT_NAME = "$(TARGET_NAME)";
				SWIFT_VERSION = 5.0;
				TARGETED_DEVICE_FAMILY = "1,2";
			};
			name = Release;
		};
/* End XCBuildConfiguration section */

/* Begin XCConfigurationList section */
		F4633FDC2482B7F600FF9AC1 /* Build configuration list for PBXProject "test0531" */ = {
			isa = XCConfigurationList;
			buildConfigurations = (
				F4633FF32482B7F800FF9AC1 /* Debug */,
				F4633FF42482B7F800FF9AC1 /* Release */,
			);
			defaultConfigurationIsVisible = 0;
			defaultConfigurationName = Release;
		};
		F4633FF52482B7F800FF9AC1 /* Build configuration list for PBXNativeTarget "test0531" */ = {
			isa = XCConfigurationList;
			buildConfigurations = (
				F4633FF62482B7F800FF9AC1 /* Debug */,
				F4633FF72482B7F800FF9AC1 /* Release */,
			);
			defaultConfigurationIsVisible = 0;
			defaultConfigurationName = Release;
		};
/* End XCConfigurationList section */
	};
	rootObject = F4633FD92482B7F600FF9AC1 /* Project object */;
}
